// !$*UTF8*$!
{
	archiveVersion = 1;
	classes = {
	};
	objectVersion = 50;
	objects = {

/* Begin PBXBuildFile section */
		134CC43426B10D19009B0445 /* AppDelegate.swift in Sources */ = {isa = PBXBuildFile; fileRef = 134CC43326B10D19009B0445 /* AppDelegate.swift */; };
		134CC43826B10D19009B0445 /* ViewController.swift in Sources */ = {isa = PBXBuildFile; fileRef = 134CC43726B10D19009B0445 /* ViewController.swift */; };
		134CC43B26B10D19009B0445 /* Main.storyboard in Resources */ = {isa = PBXBuildFile; fileRef = 134CC43926B10D19009B0445 /* Main.storyboard */; };
		134CC43D26B10D1B009B0445 /* Assets.xcassets in Resources */ = {isa = PBXBuildFile; fileRef = 134CC43C26B10D1B009B0445 /* Assets.xcassets */; };
		134CC44026B10D1B009B0445 /* LaunchScreen.storyboard in Resources */ = {isa = PBXBuildFile; fileRef = 134CC43E26B10D1B009B0445 /* LaunchScreen.storyboard */; };
		134CC44B26B10D1B009B0445 /* GuivingAITests.swift in Sources */ = {isa = PBXBuildFile; fileRef = 134CC44A26B10D1B009B0445 /* GuivingAITests.swift */; };
		134CC45626B10D1B009B0445 /* GuivingAIUITests.swift in Sources */ = {isa = PBXBuildFile; fileRef = 134CC45526B10D1B009B0445 /* GuivingAIUITests.swift */; };
/* End PBXBuildFile section */

/* Begin PBXContainerItemProxy section */
		134CC44726B10D1B009B0445 /* PBXContainerItemProxy */ = {
			isa = PBXContainerItemProxy;
			containerPortal = 134CC42826B10D19009B0445 /* Project object */;
			proxyType = 1;
			remoteGlobalIDString = 134CC42F26B10D19009B0445;
			remoteInfo = GuivingAI;
		};
		134CC45226B10D1B009B0445 /* PBXContainerItemProxy */ = {
			isa = PBXContainerItemProxy;
			containerPortal = 134CC42826B10D19009B0445 /* Project object */;
			proxyType = 1;
			remoteGlobalIDString = 134CC42F26B10D19009B0445;
			remoteInfo = GuivingAI;
		};
/* End PBXContainerItemProxy section */

/* Begin PBXFileReference section */
		134CC43026B10D19009B0445 /* GuivingAI.app */ = {isa = PBXFileReference; explicitFileType = wrapper.application; includeInIndex = 0; path = GuivingAI.app; sourceTree = BUILT_PRODUCTS_DIR; };
		134CC43326B10D19009B0445 /* AppDelegate.swift */ = {isa = PBXFileReference; lastKnownFileType = sourcecode.swift; path = AppDelegate.swift; sourceTree = "<group>"; };
		134CC43726B10D19009B0445 /* ViewController.swift */ = {isa = PBXFileReference; lastKnownFileType = sourcecode.swift; path = ViewController.swift; sourceTree = "<group>"; };
		134CC43A26B10D19009B0445 /* Base */ = {isa = PBXFileReference; lastKnownFileType = file.storyboard; name = Base; path = Base.lproj/Main.storyboard; sourceTree = "<group>"; };
		134CC43C26B10D1B009B0445 /* Assets.xcassets */ = {isa = PBXFileReference; lastKnownFileType = folder.assetcatalog; path = Assets.xcassets; sourceTree = "<group>"; };
		134CC43F26B10D1B009B0445 /* Base */ = {isa = PBXFileReference; lastKnownFileType = file.storyboard; name = Base; path = Base.lproj/LaunchScreen.storyboard; sourceTree = "<group>"; };
		134CC44126B10D1B009B0445 /* Info.plist */ = {isa = PBXFileReference; lastKnownFileType = text.plist.xml; path = Info.plist; sourceTree = "<group>"; };
		134CC44626B10D1B009B0445 /* GuivingAITests.xctest */ = {isa = PBXFileReference; explicitFileType = wrapper.cfbundle; includeInIndex = 0; path = GuivingAITests.xctest; sourceTree = BUILT_PRODUCTS_DIR; };
		134CC44A26B10D1B009B0445 /* GuivingAITests.swift */ = {isa = PBXFileReference; lastKnownFileType = sourcecode.swift; path = GuivingAITests.swift; sourceTree = "<group>"; };
		134CC44C26B10D1B009B0445 /* Info.plist */ = {isa = PBXFileReference; lastKnownFileType = text.plist.xml; path = Info.plist; sourceTree = "<group>"; };
		134CC45126B10D1B009B0445 /* GuivingAIUITests.xctest */ = {isa = PBXFileReference; explicitFileType = wrapper.cfbundle; includeInIndex = 0; path = GuivingAIUITests.xctest; sourceTree = BUILT_PRODUCTS_DIR; };
		134CC45526B10D1B009B0445 /* GuivingAIUITests.swift */ = {isa = PBXFileReference; lastKnownFileType = sourcecode.swift; path = GuivingAIUITests.swift; sourceTree = "<group>"; };
		134CC45726B10D1B009B0445 /* Info.plist */ = {isa = PBXFileReference; lastKnownFileType = text.plist.xml; path = Info.plist; sourceTree = "<group>"; };
/* End PBXFileReference section */

/* Begin PBXFrameworksBuildPhase section */
		134CC42D26B10D19009B0445 /* Frameworks */ = {
			isa = PBXFrameworksBuildPhase;
			buildActionMask = 2147483647;
			files = (
			);
			runOnlyForDeploymentPostprocessing = 0;
		};
		134CC44326B10D1B009B0445 /* Frameworks */ = {
			isa = PBXFrameworksBuildPhase;
			buildActionMask = 2147483647;
			files = (
			);
			runOnlyForDeploymentPostprocessing = 0;
		};
		134CC44E26B10D1B009B0445 /* Frameworks */ = {
			isa = PBXFrameworksBuildPhase;
			buildActionMask = 2147483647;
			files = (
			);
			runOnlyForDeploymentPostprocessing = 0;
		};
/* End PBXFrameworksBuildPhase section */

/* Begin PBXGroup section */
		134CC42726B10D19009B0445 = {
			isa = PBXGroup;
			children = (
				134CC43226B10D19009B0445 /* GuivingAI */,
				134CC44926B10D1B009B0445 /* GuivingAITests */,
				134CC45426B10D1B009B0445 /* GuivingAIUITests */,
				134CC43126B10D19009B0445 /* Products */,
			);
			sourceTree = "<group>";
		};
		134CC43126B10D19009B0445 /* Products */ = {
			isa = PBXGroup;
			children = (
				134CC43026B10D19009B0445 /* GuivingAI.app */,
				134CC44626B10D1B009B0445 /* GuivingAITests.xctest */,
				134CC45126B10D1B009B0445 /* GuivingAIUITests.xctest */,
			);
			name = Products;
			sourceTree = "<group>";
		};
		134CC43226B10D19009B0445 /* GuivingAI */ = {
			isa = PBXGroup;
			children = (
				134CC43326B10D19009B0445 /* AppDelegate.swift */,
				134CC43726B10D19009B0445 /* ViewController.swift */,
				134CC43926B10D19009B0445 /* Main.storyboard */,
				134CC43C26B10D1B009B0445 /* Assets.xcassets */,
				134CC43E26B10D1B009B0445 /* LaunchScreen.storyboard */,
				134CC44126B10D1B009B0445 /* Info.plist */,
			);
			path = GuivingAI;
			sourceTree = "<group>";
		};
		134CC44926B10D1B009B0445 /* GuivingAITests */ = {
			isa = PBXGroup;
			children = (
				134CC44A26B10D1B009B0445 /* GuivingAITests.swift */,
				134CC44C26B10D1B009B0445 /* Info.plist */,
			);
			path = GuivingAITests;
			sourceTree = "<group>";
		};
		134CC45426B10D1B009B0445 /* GuivingAIUITests */ = {
			isa = PBXGroup;
			children = (
				134CC45526B10D1B009B0445 /* GuivingAIUITests.swift */,
				134CC45726B10D1B009B0445 /* Info.plist */,
			);
			path = GuivingAIUITests;
			sourceTree = "<group>";
		};
/* End PBXGroup section */

/* Begin PBXNativeTarget section */
		134CC42F26B10D19009B0445 /* GuivingAI */ = {
			isa = PBXNativeTarget;
			buildConfigurationList = 134CC45A26B10D1B009B0445 /* Build configuration list for PBXNativeTarget "GuivingAI" */;
			buildPhases = (
				134CC42C26B10D19009B0445 /* Sources */,
				134CC42D26B10D19009B0445 /* Frameworks */,
				134CC42E26B10D19009B0445 /* Resources */,
			);
			buildRules = (
			);
			dependencies = (
			);
			name = GuivingAI;
			productName = GuivingAI;
			productReference = 134CC43026B10D19009B0445 /* GuivingAI.app */;
			productType = "com.apple.product-type.application";
		};
		134CC44526B10D1B009B0445 /* GuivingAITests */ = {
			isa = PBXNativeTarget;
			buildConfigurationList = 134CC45D26B10D1B009B0445 /* Build configuration list for PBXNativeTarget "GuivingAITests" */;
			buildPhases = (
				134CC44226B10D1B009B0445 /* Sources */,
				134CC44326B10D1B009B0445 /* Frameworks */,
				134CC44426B10D1B009B0445 /* Resources */,
			);
			buildRules = (
			);
			dependencies = (
				134CC44826B10D1B009B0445 /* PBXTargetDependency */,
			);
			name = GuivingAITests;
			productName = GuivingAITests;
			productReference = 134CC44626B10D1B009B0445 /* GuivingAITests.xctest */;
			productType = "com.apple.product-type.bundle.unit-test";
		};
		134CC45026B10D1B009B0445 /* GuivingAIUITests */ = {
			isa = PBXNativeTarget;
			buildConfigurationList = 134CC46026B10D1B009B0445 /* Build configuration list for PBXNativeTarget "GuivingAIUITests" */;
			buildPhases = (
				134CC44D26B10D1B009B0445 /* Sources */,
				134CC44E26B10D1B009B0445 /* Frameworks */,
				134CC44F26B10D1B009B0445 /* Resources */,
			);
			buildRules = (
			);
			dependencies = (
				134CC45326B10D1B009B0445 /* PBXTargetDependency */,
			);
			name = GuivingAIUITests;
			productName = GuivingAIUITests;
			productReference = 134CC45126B10D1B009B0445 /* GuivingAIUITests.xctest */;
			productType = "com.apple.product-type.bundle.ui-testing";
		};
/* End PBXNativeTarget section */

/* Begin PBXProject section */
		134CC42826B10D19009B0445 /* Project object */ = {
			isa = PBXProject;
			attributes = {
				LastSwiftUpdateCheck = 1250;
				LastUpgradeCheck = 1250;
				TargetAttributes = {
					134CC42F26B10D19009B0445 = {
						CreatedOnToolsVersion = 12.5.1;
					};
					134CC44526B10D1B009B0445 = {
						CreatedOnToolsVersion = 12.5.1;
						TestTargetID = 134CC42F26B10D19009B0445;
					};
					134CC45026B10D1B009B0445 = {
						CreatedOnToolsVersion = 12.5.1;
						TestTargetID = 134CC42F26B10D19009B0445;
					};
				};
			};
			buildConfigurationList = 134CC42B26B10D19009B0445 /* Build configuration list for PBXProject "GuivingAI" */;
			compatibilityVersion = "Xcode 9.3";
			developmentRegion = en;
			hasScannedForEncodings = 0;
			knownRegions = (
				en,
				Base,
			);
			mainGroup = 134CC42726B10D19009B0445;
			productRefGroup = 134CC43126B10D19009B0445 /* Products */;
			projectDirPath = "";
			projectRoot = "";
			targets = (
				134CC42F26B10D19009B0445 /* GuivingAI */,
				134CC44526B10D1B009B0445 /* GuivingAITests */,
				134CC45026B10D1B009B0445 /* GuivingAIUITests */,
			);
		};
/* End PBXProject section */

/* Begin PBXResourcesBuildPhase section */
		134CC42E26B10D19009B0445 /* Resources */ = {
			isa = PBXResourcesBuildPhase;
			buildActionMask = 2147483647;
			files = (
				134CC44026B10D1B009B0445 /* LaunchScreen.storyboard in Resources */,
				134CC43D26B10D1B009B0445 /* Assets.xcassets in Resources */,
				134CC43B26B10D19009B0445 /* Main.storyboard in Resources */,
			);
			runOnlyForDeploymentPostprocessing = 0;
		};
		134CC44426B10D1B009B0445 /* Resources */ = {
			isa = PBXResourcesBuildPhase;
			buildActionMask = 2147483647;
			files = (
			);
			runOnlyForDeploymentPostprocessing = 0;
		};
		134CC44F26B10D1B009B0445 /* Resources */ = {
			isa = PBXResourcesBuildPhase;
			buildActionMask = 2147483647;
			files = (
			);
			runOnlyForDeploymentPostprocessing = 0;
		};
/* End PBXResourcesBuildPhase section */

/* Begin PBXSourcesBuildPhase section */
		134CC42C26B10D19009B0445 /* Sources */ = {
			isa = PBXSourcesBuildPhase;
			buildActionMask = 2147483647;
			files = (
				134CC43826B10D19009B0445 /* ViewController.swift in Sources */,
				134CC43426B10D19009B0445 /* AppDelegate.swift in Sources */,
			);
			runOnlyForDeploymentPostprocessing = 0;
		};
		134CC44226B10D1B009B0445 /* Sources */ = {
			isa = PBXSourcesBuildPhase;
			buildActionMask = 2147483647;
			files = (
				134CC44B26B10D1B009B0445 /* GuivingAITests.swift in Sources */,
			);
			runOnlyForDeploymentPostprocessing = 0;
		};
		134CC44D26B10D1B009B0445 /* Sources */ = {
			isa = PBXSourcesBuildPhase;
			buildActionMask = 2147483647;
			files = (
				134CC45626B10D1B009B0445 /* GuivingAIUITests.swift in Sources */,
			);
			runOnlyForDeploymentPostprocessing = 0;
		};
/* End PBXSourcesBuildPhase section */

/* Begin PBXTargetDependency section */
		134CC44826B10D1B009B0445 /* PBXTargetDependency */ = {
			isa = PBXTargetDependency;
			target = 134CC42F26B10D19009B0445 /* GuivingAI */;
			targetProxy = 134CC44726B10D1B009B0445 /* PBXContainerItemProxy */;
		};
		134CC45326B10D1B009B0445 /* PBXTargetDependency */ = {
			isa = PBXTargetDependency;
			target = 134CC42F26B10D19009B0445 /* GuivingAI */;
			targetProxy = 134CC45226B10D1B009B0445 /* PBXContainerItemProxy */;
		};
/* End PBXTargetDependency section */

/* Begin PBXVariantGroup section */
		134CC43926B10D19009B0445 /* Main.storyboard */ = {
			isa = PBXVariantGroup;
			children = (
				134CC43A26B10D19009B0445 /* Base */,
			);
			name = Main.storyboard;
			sourceTree = "<group>";
		};
		134CC43E26B10D1B009B0445 /* LaunchScreen.storyboard */ = {
			isa = PBXVariantGroup;
			children = (
				134CC43F26B10D1B009B0445 /* Base */,
			);
			name = LaunchScreen.storyboard;
			sourceTree = "<group>";
		};
/* End PBXVariantGroup section */

/* Begin XCBuildConfiguration section */
		134CC45826B10D1B009B0445 /* Debug */ = {
			isa = XCBuildConfiguration;
			buildSettings = {
				ALWAYS_SEARCH_USER_PATHS = NO;
				CLANG_ANALYZER_NONNULL = YES;
				CLANG_ANALYZER_NUMBER_OBJECT_CONVERSION = YES_AGGRESSIVE;
				CLANG_CXX_LANGUAGE_STANDARD = "gnu++14";
				CLANG_CXX_LIBRARY = "libc++";
				CLANG_ENABLE_MODULES = YES;
				CLANG_ENABLE_OBJC_ARC = YES;
				CLANG_ENABLE_OBJC_WEAK = YES;
				CLANG_WARN_BLOCK_CAPTURE_AUTORELEASING = YES;
				CLANG_WARN_BOOL_CONVERSION = YES;
				CLANG_WARN_COMMA = YES;
				CLANG_WARN_CONSTANT_CONVERSION = YES;
				CLANG_WARN_DEPRECATED_OBJC_IMPLEMENTATIONS = YES;
				CLANG_WARN_DIRECT_OBJC_ISA_USAGE = YES_ERROR;
				CLANG_WARN_DOCUMENTATION_COMMENTS = YES;
				CLANG_WARN_EMPTY_BODY = YES;
				CLANG_WARN_ENUM_CONVERSION = YES;
				CLANG_WARN_INFINITE_RECURSION = YES;
				CLANG_WARN_INT_CONVERSION = YES;
				CLANG_WARN_NON_LITERAL_NULL_CONVERSION = YES;
				CLANG_WARN_OBJC_IMPLICIT_RETAIN_SELF = YES;
				CLANG_WARN_OBJC_LITERAL_CONVERSION = YES;
				CLANG_WARN_OBJC_ROOT_CLASS = YES_ERROR;
				CLANG_WARN_QUOTED_INCLUDE_IN_FRAMEWORK_HEADER = YES;
				CLANG_WARN_RANGE_LOOP_ANALYSIS = YES;
				CLANG_WARN_STRICT_PROTOTYPES = YES;
				CLANG_WARN_SUSPICIOUS_MOVE = YES;
				CLANG_WARN_UNGUARDED_AVAILABILITY = YES_AGGRESSIVE;
				CLANG_WARN_UNREACHABLE_CODE = YES;
				CLANG_WARN__DUPLICATE_METHOD_MATCH = YES;
				COPY_PHASE_STRIP = NO;
				DEBUG_INFORMATION_FORMAT = dwarf;
				ENABLE_STRICT_OBJC_MSGSEND = YES;
				ENABLE_TESTABILITY = YES;
				GCC_C_LANGUAGE_STANDARD = gnu11;
				GCC_DYNAMIC_NO_PIC = NO;
				GCC_NO_COMMON_BLOCKS = YES;
				GCC_OPTIMIZATION_LEVEL = 0;
				GCC_PREPROCESSOR_DEFINITIONS = (
					"DEBUG=1",
					"$(inherited)",
				);
				GCC_WARN_64_TO_32_BIT_CONVERSION = YES;
				GCC_WARN_ABOUT_RETURN_TYPE = YES_ERROR;
				GCC_WARN_UNDECLARED_SELECTOR = YES;
				GCC_WARN_UNINITIALIZED_AUTOS = YES_AGGRESSIVE;
				GCC_WARN_UNUSED_FUNCTION = YES;
				GCC_WARN_UNUSED_VARIABLE = YES;
				IPHONEOS_DEPLOYMENT_TARGET = 14.5;
				MTL_ENABLE_DEBUG_INFO = INCLUDE_SOURCE;
				MTL_FAST_MATH = YES;
				ONLY_ACTIVE_ARCH = YES;
				SDKROOT = iphoneos;
				SWIFT_ACTIVE_COMPILATION_CONDITIONS = DEBUG;
				SWIFT_OPTIMIZATION_LEVEL = "-Onone";
			};
			name = Debug;
		};
		134CC45926B10D1B009B0445 /* Release */ = {
			isa = XCBuildConfiguration;
			buildSettings = {
				ALWAYS_SEARCH_USER_PATHS = NO;
				CLANG_ANALYZER_NONNULL = YES;
				CLANG_ANALYZER_NUMBER_OBJECT_CONVERSION = YES_AGGRESSIVE;
				CLANG_CXX_LANGUAGE_STANDARD = "gnu++14";
				CLANG_CXX_LIBRARY = "libc++";
				CLANG_ENABLE_MODULES = YES;
				CLANG_ENABLE_OBJC_ARC = YES;
				CLANG_ENABLE_OBJC_WEAK = YES;
				CLANG_WARN_BLOCK_CAPTURE_AUTORELEASING = YES;
				CLANG_WARN_BOOL_CONVERSION = YES;
				CLANG_WARN_COMMA = YES;
				CLANG_WARN_CONSTANT_CONVERSION = YES;
				CLANG_WARN_DEPRECATED_OBJC_IMPLEMENTATIONS = YES;
				CLANG_WARN_DIRECT_OBJC_ISA_USAGE = YES_ERROR;
				CLANG_WARN_DOCUMENTATION_COMMENTS = YES;
				CLANG_WARN_EMPTY_BODY = YES;
				CLANG_WARN_ENUM_CONVERSION = YES;
				CLANG_WARN_INFINITE_RECURSION = YES;
				CLANG_WARN_INT_CONVERSION = YES;
				CLANG_WARN_NON_LITERAL_NULL_CONVERSION = YES;
				CLANG_WARN_OBJC_IMPLICIT_RETAIN_SELF = YES;
				CLANG_WARN_OBJC_LITERAL_CONVERSION = YES;
				CLANG_WARN_OBJC_ROOT_CLASS = YES_ERROR;
				CLANG_WARN_QUOTED_INCLUDE_IN_FRAMEWORK_HEADER = YES;
				CLANG_WARN_RANGE_LOOP_ANALYSIS = YES;
				CLANG_WARN_STRICT_PROTOTYPES = YES;
				CLANG_WARN_SUSPICIOUS_MOVE = YES;
				CLANG_WARN_UNGUARDED_AVAILABILITY = YES_AGGRESSIVE;
				CLANG_WARN_UNREACHABLE_CODE = YES;
				CLANG_WARN__DUPLICATE_METHOD_MATCH = YES;
				COPY_PHASE_STRIP = NO;
				DEBUG_INFORMATION_FORMAT = "dwarf-with-dsym";
				ENABLE_NS_ASSERTIONS = NO;
				ENABLE_STRICT_OBJC_MSGSEND = YES;
				GCC_C_LANGUAGE_STANDARD = gnu11;
				GCC_NO_COMMON_BLOCKS = YES;
				GCC_WARN_64_TO_32_BIT_CONVERSION = YES;
				GCC_WARN_ABOUT_RETURN_TYPE = YES_ERROR;
				GCC_WARN_UNDECLARED_SELECTOR = YES;
				GCC_WARN_UNINITIALIZED_AUTOS = YES_AGGRESSIVE;
				GCC_WARN_UNUSED_FUNCTION = YES;
				GCC_WARN_UNUSED_VARIABLE = YES;
				IPHONEOS_DEPLOYMENT_TARGET = 14.5;
				MTL_ENABLE_DEBUG_INFO = NO;
				MTL_FAST_MATH = YES;
				SDKROOT = iphoneos;
				SWIFT_COMPILATION_MODE = wholemodule;
				SWIFT_OPTIMIZATION_LEVEL = "-O";
				VALIDATE_PRODUCT = YES;
			};
			name = Release;
		};
		134CC45B26B10D1B009B0445 /* Debug */ = {
			isa = XCBuildConfiguration;
			buildSettings = {
				ASSETCATALOG_COMPILER_APPICON_NAME = AppIcon;
				ASSETCATALOG_COMPILER_GLOBAL_ACCENT_COLOR_NAME = AccentColor;
				CODE_SIGN_STYLE = Automatic;
				DEVELOPMENT_TEAM = 26R4637UUT;
				INFOPLIST_FILE = GuivingAI/Info.plist;
				LD_RUNPATH_SEARCH_PATHS = (
					"$(inherited)",
					"@executable_path/Frameworks",
				);
				PRODUCT_BUNDLE_IDENTIFIER = com.guiving.GuivingAI;
				PRODUCT_NAME = "$(TARGET_NAME)";
				SWIFT_VERSION = 5.0;
				TARGETED_DEVICE_FAMILY = "1,2";
			};
			name = Debug;
		};
		134CC45C26B10D1B009B0445 /* Release */ = {
			isa = XCBuildConfiguration;
			buildSettings = {
				ASSETCATALOG_COMPILER_APPICON_NAME = AppIcon;
				ASSETCATALOG_COMPILER_GLOBAL_ACCENT_COLOR_NAME = AccentColor;
				CODE_SIGN_STYLE = Automatic;
				DEVELOPMENT_TEAM = 26R4637UUT;
				INFOPLIST_FILE = GuivingAI/Info.plist;
				LD_RUNPATH_SEARCH_PATHS = (
					"$(inherited)",
					"@executable_path/Frameworks",
				);
				PRODUCT_BUNDLE_IDENTIFIER = com.guiving.GuivingAI;
				PRODUCT_NAME = "$(TARGET_NAME)";
				SWIFT_VERSION = 5.0;
				TARGETED_DEVICE_FAMILY = "1,2";
			};
			name = Release;
		};
		134CC45E26B10D1B009B0445 /* Debug */ = {
			isa = XCBuildConfiguration;
			buildSettings = {
				ALWAYS_EMBED_SWIFT_STANDARD_LIBRARIES = YES;
				BUNDLE_LOADER = "$(TEST_HOST)";
				CODE_SIGN_STYLE = Automatic;
				DEVELOPMENT_TEAM = 26R4637UUT;
				INFOPLIST_FILE = GuivingAITests/Info.plist;
				IPHONEOS_DEPLOYMENT_TARGET = 14.5;
				LD_RUNPATH_SEARCH_PATHS = (
					"$(inherited)",
					"@executable_path/Frameworks",
					"@loader_path/Frameworks",
				);
				PRODUCT_BUNDLE_IDENTIFIER = com.guiving.GuivingAITests;
				PRODUCT_NAME = "$(TARGET_NAME)";
				SWIFT_VERSION = 5.0;
				TARGETED_DEVICE_FAMILY = "1,2";
				TEST_HOST = "$(BUILT_PRODUCTS_DIR)/GuivingAI.app/GuivingAI";
			};
			name = Debug;
		};
		134CC45F26B10D1B009B0445 /* Release */ = {
			isa = XCBuildConfiguration;
			buildSettings = {
				ALWAYS_EMBED_SWIFT_STANDARD_LIBRARIES = YES;
				BUNDLE_LOADER = "$(TEST_HOST)";
				CODE_SIGN_STYLE = Automatic;
				DEVELOPMENT_TEAM = 26R4637UUT;
				INFOPLIST_FILE = GuivingAITests/Info.plist;
				IPHONEOS_DEPLOYMENT_TARGET = 14.5;
				LD_RUNPATH_SEARCH_PATHS = (
					"$(inherited)",
					"@executable_path/Frameworks",
					"@loader_path/Frameworks",
				);
				PRODUCT_BUNDLE_IDENTIFIER = com.guiving.GuivingAITests;
				PRODUCT_NAME = "$(TARGET_NAME)";
				SWIFT_VERSION = 5.0;
				TARGETED_DEVICE_FAMILY = "1,2";
				TEST_HOST = "$(BUILT_PRODUCTS_DIR)/GuivingAI.app/GuivingAI";
			};
			name = Release;
		};
		134CC46126B10D1B009B0445 /* Debug */ = {
			isa = XCBuildConfiguration;
			buildSettings = {
				ALWAYS_EMBED_SWIFT_STANDARD_LIBRARIES = YES;
				CODE_SIGN_STYLE = Automatic;
				DEVELOPMENT_TEAM = 26R4637UUT;
				INFOPLIST_FILE = GuivingAIUITests/Info.plist;
				LD_RUNPATH_SEARCH_PATHS = (
					"$(inherited)",
					"@executable_path/Frameworks",
					"@loader_path/Frameworks",
				);
				PRODUCT_BUNDLE_IDENTIFIER = com.guiving.GuivingAIUITests;
				PRODUCT_NAME = "$(TARGET_NAME)";
				SWIFT_VERSION = 5.0;
				TARGETED_DEVICE_FAMILY = "1,2";
				TEST_TARGET_NAME = GuivingAI;
			};
			name = Debug;
		};
		134CC46226B10D1B009B0445 /* Release */ = {
			isa = XCBuildConfiguration;
			buildSettings = {
				ALWAYS_EMBED_SWIFT_STANDARD_LIBRARIES = YES;
				CODE_SIGN_STYLE = Automatic;
				DEVELOPMENT_TEAM = 26R4637UUT;
				INFOPLIST_FILE = GuivingAIUITests/Info.plist;
				LD_RUNPATH_SEARCH_PATHS = (
					"$(inherited)",
					"@executable_path/Frameworks",
					"@loader_path/Frameworks",
				);
				PRODUCT_BUNDLE_IDENTIFIER = com.guiving.GuivingAIUITests;
				PRODUCT_NAME = "$(TARGET_NAME)";
				SWIFT_VERSION = 5.0;
				TARGETED_DEVICE_FAMILY = "1,2";
				TEST_TARGET_NAME = GuivingAI;
			};
			name = Release;
		};
/* End XCBuildConfiguration section */

/* Begin XCConfigurationList section */
		134CC42B26B10D19009B0445 /* Build configuration list for PBXProject "GuivingAI" */ = {
			isa = XCConfigurationList;
			buildConfigurations = (
				134CC45826B10D1B009B0445 /* Debug */,
				134CC45926B10D1B009B0445 /* Release */,
			);
			defaultConfigurationIsVisible = 0;
			defaultConfigurationName = Release;
		};
		134CC45A26B10D1B009B0445 /* Build configuration list for PBXNativeTarget "GuivingAI" */ = {
			isa = XCConfigurationList;
			buildConfigurations = (
				134CC45B26B10D1B009B0445 /* Debug */,
				134CC45C26B10D1B009B0445 /* Release */,
			);
			defaultConfigurationIsVisible = 0;
			defaultConfigurationName = Release;
		};
		134CC45D26B10D1B009B0445 /* Build configuration list for PBXNativeTarget "GuivingAITests" */ = {
			isa = XCConfigurationList;
			buildConfigurations = (
				134CC45E26B10D1B009B0445 /* Debug */,
				134CC45F26B10D1B009B0445 /* Release */,
			);
			defaultConfigurationIsVisible = 0;
			defaultConfigurationName = Release;
		};
		134CC46026B10D1B009B0445 /* Build configuration list for PBXNativeTarget "GuivingAIUITests" */ = {
			isa = XCConfigurationList;
			buildConfigurations = (
				134CC46126B10D1B009B0445 /* Debug */,
				134CC46226B10D1B009B0445 /* Release */,
			);
			defaultConfigurationIsVisible = 0;
			defaultConfigurationName = Release;
		};
/* End XCConfigurationList section */
	};
	rootObject = 134CC42826B10D19009B0445 /* Project object */;
}
